
Microsoft Visual Studio Solution File, Format Version 12.00
# Blend for Visual Studio Version 16
VisualStudioVersion = 16.0.32802.440
MinimumVisualStudioVersion = 10.0.40219.1
Project("{FAE04EC0-301F-11D3-BF4B-00C04F79EFBC}") = "wangtaomaoweihuan", "wangtaomaoweihuan\wangtaomaoweihuan.csproj", "{533759EC-BAF0-4BCD-8D2B-B4705B32E8BB}"
EndProject
Global
	GlobalSection(SolutionConfigurationPlatforms) = preSolution
		Debug|Any CPU = Debug|Any CPU
		Release|Any CPU = Release|Any CPU
	EndGlobalSection
	GlobalSection(ProjectConfigurationPlatforms) = postSolution
		{533759EC-BAF0-4BCD-8D2B-B4705B32E8BB}.Debug|Any CPU.ActiveCfg = Debug|Any CPU
		{533759EC-BAF0-4BCD-8D2B-B4705B32E8BB}.Debug|Any CPU.Build.0 = Debug|Any CPU
		{533759EC-BAF0-4BCD-8D2B-B4705B32E8BB}.Release|Any CPU.ActiveCfg = Release|Any CPU
		{533759EC-BAF0-4BCD-8D2B-B4705B32E8BB}.Release|Any CPU.Build.0 = Release|Any CPU
	EndGlobalSection
	GlobalSection(SolutionProperties) = preSolution
		HideSolutionNode = FALSE
	EndGlobalSection
	GlobalSection(ExtensibilityGlobals) = postSolution
		SolutionGuid = {3F5BEB18-ACE8-45E1-A7C1-FEFB37592524}
	EndGlobalSection
EndGlobal
